
Microsoft Visual Studio Solution File, Format Version 12.00
# Visual Studio Version 17
VisualStudioVersion = 17.3.32825.248
MinimumVisualStudioVersion = 10.0.40219.1
Project("{FAE04EC0-301F-11D3-BF4B-00C04F79EFBC}") = "Louveaux Mathieu", "Louveaux Mathieu.csproj", "{BFD4F7FF-BCEB-4062-BFA2-44D42E6F9CAF}"
EndProject
Global
	GlobalSection(SolutionConfigurationPlatforms) = preSolution
		Debug|Any CPU = Debug|Any CPU
		Release|Any CPU = Release|Any CPU
	EndGlobalSection
	GlobalSection(ProjectConfigurationPlatforms) = postSolution
		{BFD4F7FF-BCEB-4062-BFA2-44D42E6F9CAF}.Debug|Any CPU.ActiveCfg = Debug|Any CPU
		{BFD4F7FF-BCEB-4062-BFA2-44D42E6F9CAF}.Debug|Any CPU.Build.0 = Debug|Any CPU
		{BFD4F7FF-BCEB-4062-BFA2-44D42E6F9CAF}.Release|Any CPU.ActiveCfg = Release|Any CPU
		{BFD4F7FF-BCEB-4062-BFA2-44D42E6F9CAF}.Release|Any CPU.Build.0 = Release|Any CPU
	EndGlobalSection
	GlobalSection(SolutionProperties) = preSolution
		HideSolutionNode = FALSE
	EndGlobalSection
	GlobalSection(ExtensibilityGlobals) = postSolution
		SolutionGuid = {565C7C7D-0FDF-499D-B284-C9A5073FA1EB}
	EndGlobalSection
EndGlobal
